
Microsoft Visual Studio Solution File, Format Version 12.00
# Visual Studio 2013
VisualStudioVersion = 12.0.30501.0
MinimumVisualStudioVersion = 10.0.40219.1
Project("{FAE04EC0-301F-11D3-BF4B-00C04F79EFBC}") = "01.Refactoring", "01.Refactoring\01.Refactoring.csproj", "{3A1742B7-0800-48FC-89B4-A4160B91E2EF}"
EndProject
Global
	GlobalSection(SolutionConfigurationPlatforms) = preSolution
		Debug|Any CPU = Debug|Any CPU
		Release|Any CPU = Release|Any CPU
	EndGlobalSection
	GlobalSection(ProjectConfigurationPlatforms) = postSolution
		{3A1742B7-0800-48FC-89B4-A4160B91E2EF}.Debug|Any CPU.ActiveCfg = Debug|Any CPU
		{3A1742B7-0800-48FC-89B4-A4160B91E2EF}.Debug|Any CPU.Build.0 = Debug|Any CPU
		{3A1742B7-0800-48FC-89B4-A4160B91E2EF}.Release|Any CPU.ActiveCfg = Release|Any CPU
		{3A1742B7-0800-48FC-89B4-A4160B91E2EF}.Release|Any CPU.Build.0 = Release|Any CPU
	EndGlobalSection
	GlobalSection(SolutionProperties) = preSolution
		HideSolutionNode = FALSE
	EndGlobalSection
EndGlobal
