
Microsoft Visual Studio Solution File, Format Version 12.00
# Visual Studio 2013
VisualStudioVersion = 12.0.30723.0
MinimumVisualStudioVersion = 10.0.40219.1
Project("{FAE04EC0-301F-11D3-BF4B-00C04F79EFBC}") = "01.ResponsiveOnlyHTML", "01.ResponsiveOnlyHTML\01.ResponsiveOnlyHTML.csproj", "{C4FB8007-817E-4A0E-8672-4A37610D9F47}"
EndProject
Project("{FAE04EC0-301F-11D3-BF4B-00C04F79EFBC}") = "03.Bootstrap", "03.Bootstrap\03.Bootstrap.csproj", "{52FF7A58-1C9F-4141-857E-7EB5CBDEFFBB}"
EndProject
Global
	GlobalSection(SolutionConfigurationPlatforms) = preSolution
		Debug|Any CPU = Debug|Any CPU
		Release|Any CPU = Release|Any CPU
	EndGlobalSection
	GlobalSection(ProjectConfigurationPlatforms) = postSolution
		{C4FB8007-817E-4A0E-8672-4A37610D9F47}.Debug|Any CPU.ActiveCfg = Debug|Any CPU
		{C4FB8007-817E-4A0E-8672-4A37610D9F47}.Debug|Any CPU.Build.0 = Debug|Any CPU
		{C4FB8007-817E-4A0E-8672-4A37610D9F47}.Release|Any CPU.ActiveCfg = Release|Any CPU
		{C4FB8007-817E-4A0E-8672-4A37610D9F47}.Release|Any CPU.Build.0 = Release|Any CPU
		{52FF7A58-1C9F-4141-857E-7EB5CBDEFFBB}.Debug|Any CPU.ActiveCfg = Debug|Any CPU
		{52FF7A58-1C9F-4141-857E-7EB5CBDEFFBB}.Debug|Any CPU.Build.0 = Debug|Any CPU
		{52FF7A58-1C9F-4141-857E-7EB5CBDEFFBB}.Release|Any CPU.ActiveCfg = Release|Any CPU
		{52FF7A58-1C9F-4141-857E-7EB5CBDEFFBB}.Release|Any CPU.Build.0 = Release|Any CPU
	EndGlobalSection
	GlobalSection(SolutionProperties) = preSolution
		HideSolutionNode = FALSE
	EndGlobalSection
EndGlobal
