
Microsoft Visual Studio Solution File, Format Version 12.00
# Visual Studio 2013
VisualStudioVersion = 12.0.30501.0
MinimumVisualStudioVersion = 10.0.40219.1
Project("{FAE04EC0-301F-11D3-BF4B-00C04F79EFBC}") = "01.Working With Shadows", "01.Working With Shadows\01.Working With Shadows.csproj", "{7CC984A3-9CE6-495F-9259-60B28F7E187C}"
EndProject
Global
	GlobalSection(SolutionConfigurationPlatforms) = preSolution
		Debug|Any CPU = Debug|Any CPU
		Release|Any CPU = Release|Any CPU
	EndGlobalSection
	GlobalSection(ProjectConfigurationPlatforms) = postSolution
		{7CC984A3-9CE6-495F-9259-60B28F7E187C}.Debug|Any CPU.ActiveCfg = Debug|Any CPU
		{7CC984A3-9CE6-495F-9259-60B28F7E187C}.Debug|Any CPU.Build.0 = Debug|Any CPU
		{7CC984A3-9CE6-495F-9259-60B28F7E187C}.Release|Any CPU.ActiveCfg = Release|Any CPU
		{7CC984A3-9CE6-495F-9259-60B28F7E187C}.Release|Any CPU.Build.0 = Release|Any CPU
	EndGlobalSection
	GlobalSection(SolutionProperties) = preSolution
		HideSolutionNode = FALSE
	EndGlobalSection
EndGlobal
