
Microsoft Visual Studio Solution File, Format Version 12.00
# Visual Studio 2013
VisualStudioVersion = 12.0.30501.0
MinimumVisualStudioVersion = 10.0.40219.1
Project("{FAE04EC0-301F-11D3-BF4B-00C04F79EFBC}") = "Problem01", "Problem01\Problem01.csproj", "{4978E3FC-96CC-4C3C-8673-CC2233E2E5CC}"
EndProject
Project("{FAE04EC0-301F-11D3-BF4B-00C04F79EFBC}") = "Problem02", "Problem02\Problem02.csproj", "{99816C9A-5E25-4550-B4F0-62A615507C98}"
EndProject
Project("{FAE04EC0-301F-11D3-BF4B-00C04F79EFBC}") = "Problem03", "Problem03\Problem03.csproj", "{8CA6211E-9366-4924-9219-3F9A97774E56}"
EndProject
Project("{FAE04EC0-301F-11D3-BF4B-00C04F79EFBC}") = "Problem04", "Problem04\Problem04.csproj", "{5D33E3D5-077F-439F-B02B-397D08373986}"
EndProject
Global
	GlobalSection(SolutionConfigurationPlatforms) = preSolution
		Debug|Any CPU = Debug|Any CPU
		Release|Any CPU = Release|Any CPU
	EndGlobalSection
	GlobalSection(ProjectConfigurationPlatforms) = postSolution
		{4978E3FC-96CC-4C3C-8673-CC2233E2E5CC}.Debug|Any CPU.ActiveCfg = Debug|Any CPU
		{4978E3FC-96CC-4C3C-8673-CC2233E2E5CC}.Debug|Any CPU.Build.0 = Debug|Any CPU
		{4978E3FC-96CC-4C3C-8673-CC2233E2E5CC}.Release|Any CPU.ActiveCfg = Release|Any CPU
		{4978E3FC-96CC-4C3C-8673-CC2233E2E5CC}.Release|Any CPU.Build.0 = Release|Any CPU
		{99816C9A-5E25-4550-B4F0-62A615507C98}.Debug|Any CPU.ActiveCfg = Debug|Any CPU
		{99816C9A-5E25-4550-B4F0-62A615507C98}.Debug|Any CPU.Build.0 = Debug|Any CPU
		{99816C9A-5E25-4550-B4F0-62A615507C98}.Release|Any CPU.ActiveCfg = Release|Any CPU
		{99816C9A-5E25-4550-B4F0-62A615507C98}.Release|Any CPU.Build.0 = Release|Any CPU
		{8CA6211E-9366-4924-9219-3F9A97774E56}.Debug|Any CPU.ActiveCfg = Debug|Any CPU
		{8CA6211E-9366-4924-9219-3F9A97774E56}.Debug|Any CPU.Build.0 = Debug|Any CPU
		{8CA6211E-9366-4924-9219-3F9A97774E56}.Release|Any CPU.ActiveCfg = Release|Any CPU
		{8CA6211E-9366-4924-9219-3F9A97774E56}.Release|Any CPU.Build.0 = Release|Any CPU
		{5D33E3D5-077F-439F-B02B-397D08373986}.Debug|Any CPU.ActiveCfg = Debug|Any CPU
		{5D33E3D5-077F-439F-B02B-397D08373986}.Debug|Any CPU.Build.0 = Debug|Any CPU
		{5D33E3D5-077F-439F-B02B-397D08373986}.Release|Any CPU.ActiveCfg = Release|Any CPU
		{5D33E3D5-077F-439F-B02B-397D08373986}.Release|Any CPU.Build.0 = Release|Any CPU
	EndGlobalSection
	GlobalSection(SolutionProperties) = preSolution
		HideSolutionNode = FALSE
	EndGlobalSection
EndGlobal
